# Generated by kelvra install. Do not edit by hand.
schema_version = "lock.v4"
generator_version = "0.2.0"

[[package]]
name = "window"
module = "github.com/kelvralang/window"
package_id = "github.com/kelvralang/window"
namespace = "github"
package_name = "window"
version = "0.2.0"
kind = "native"
license = "GPL-3.0-only"
kelvra_runtime = "^0.2.0"
dependency_groups = ["runtime"]
source_type = "git"
source_path = "../../../../.cache/kelvra/git/resolved/cf6d7b2d39cd5d9c41f84ac3065e4a7dbe45be87ffdaa67047feeb6ef90ef574"
repo_root = "github.com/kelvralang/window"
git = "https://github.com/kelvralang/window.git"
git_tag = "v0.2.0"
git_commit = "9d3559fa06de7ed64a9ad2264bbb2c86a1dd1bcf"
selected_target = "linux-x86_64-gnu"
build_from_source = true
dependencies = []
manifest_digest = "sha256:6174db73aa3527905e3bdd6ff15abb3edf257bb41c5371e1880ba08e91d94c99"
api_digest = "sha256:aa5f7a9ad44e17424bfa18fada474e071fcded2ccde978af2a40ff9281ac8a85"
