# Generated by mog install. Do not edit by hand.
schema_version = "lock.v4"
generator_version = "0.1.0"

[[package]]
name = "window"
module = "github.com/moglang/window"
package_id = "github.com/moglang/window"
namespace = "github"
package_name = "window"
version = "0.1.2"
kind = "native"
license = "MIT"
mog_runtime = "^0.1.0"
dependency_groups = ["runtime"]
source_type = "git"
source_path = "../../../.cache/mog/git/resolved/9566c8f91e418f6f111162d8bda13f90bcf36edf8ed0037ceb7b742448907db7"
repo_root = "github.com/moglang/window"
git = "https://github.com/moglang/window.git"
git_tag = "v0.1.2"
git_commit = "dcc50ca66fbe323acc67ecbf774f66fb6d1fc0e6"
selected_target = "linux-x86_64-gnu"
build_from_source = true
dependencies = []
manifest_digest = "sha256:f7857c4c3626d3dc5463dab686dc745cb5c117398cfc05c0d7bba8709d14f780"
api_digest = "sha256:459343fa0baff0a2afd75b949e529afad6ff852ba9fe3aac7557a330a26ee3e5"
